
Microsoft Visual Studio Solution File, Format Version 12.00
# Visual Studio 14
VisualStudioVersion = 14.0.23107.0
MinimumVisualStudioVersion = 10.0.40219.1
Project("{FAE04EC0-301F-11D3-BF4B-00C04F79EFBC}") = "TypeScriptDefinitionParser", "TypeScriptDefinitionParser\TypeScriptDefinitionParser.csproj", "{744392A9-B8C8-4E0C-96F1-829F51817141}"
EndProject
Project("{FAE04EC0-301F-11D3-BF4B-00C04F79EFBC}") = "Tester", "Tester\Tester.csproj", "{9223654B-9C1C-43A2-A1FB-8C68A6B5634E}"
EndProject
Project("{FAE04EC0-301F-11D3-BF4B-00C04F79EFBC}") = "TypeScriptDefinitionParserTests", "TypeScriptDefinitionParserTests\TypeScriptDefinitionParserTests.csproj", "{B312911B-E57B-4186-8FDB-93B41DA50243}"
EndProject
Global
	GlobalSection(SolutionConfigurationPlatforms) = preSolution
		Debug|Any CPU = Debug|Any CPU
		Release|Any CPU = Release|Any CPU
	EndGlobalSection
	GlobalSection(ProjectConfigurationPlatforms) = postSolution
		{744392A9-B8C8-4E0C-96F1-829F51817141}.Debug|Any CPU.ActiveCfg = Debug|Any CPU
		{744392A9-B8C8-4E0C-96F1-829F51817141}.Debug|Any CPU.Build.0 = Debug|Any CPU
		{744392A9-B8C8-4E0C-96F1-829F51817141}.Release|Any CPU.ActiveCfg = Release|Any CPU
		{744392A9-B8C8-4E0C-96F1-829F51817141}.Release|Any CPU.Build.0 = Release|Any CPU
		{9223654B-9C1C-43A2-A1FB-8C68A6B5634E}.Debug|Any CPU.ActiveCfg = Debug|Any CPU
		{9223654B-9C1C-43A2-A1FB-8C68A6B5634E}.Debug|Any CPU.Build.0 = Debug|Any CPU
		{9223654B-9C1C-43A2-A1FB-8C68A6B5634E}.Release|Any CPU.ActiveCfg = Release|Any CPU
		{9223654B-9C1C-43A2-A1FB-8C68A6B5634E}.Release|Any CPU.Build.0 = Release|Any CPU
		{B312911B-E57B-4186-8FDB-93B41DA50243}.Debug|Any CPU.ActiveCfg = Debug|Any CPU
		{B312911B-E57B-4186-8FDB-93B41DA50243}.Debug|Any CPU.Build.0 = Debug|Any CPU
		{B312911B-E57B-4186-8FDB-93B41DA50243}.Release|Any CPU.ActiveCfg = Release|Any CPU
		{B312911B-E57B-4186-8FDB-93B41DA50243}.Release|Any CPU.Build.0 = Release|Any CPU
	EndGlobalSection
	GlobalSection(SolutionProperties) = preSolution
		HideSolutionNode = FALSE
	EndGlobalSection
EndGlobal
